// !$*UTF8*$!
{
	archiveVersion = 1;
	classes = {
	};
	objectVersion = 55;
	objects = {

/* Begin PBXBuildFile section */
		01D566DE2F18E8240085C9BD /* Preview Assets.xcassets in Resources */ = {isa = PBXBuildFile; fileRef = 01D566BC2F18E8180085C9BD /* Preview Assets.xcassets */; };
		01D566DF2F18E8240085C9BD /* Assets.xcassets in Resources */ = {isa = PBXBuildFile; fileRef = 01D566BD2F18E8190085C9BD /* Assets.xcassets */; };
		01D566E02F18E8240085C9BD /* Models.swift in Sources */ = {isa = PBXBuildFile; fileRef = 01D566BF2F18E81A0085C9BD /* Models.swift */; };
		01D566E12F18E8240085C9BD /* AdminCategoriesView.swift in Sources */ = {isa = PBXBuildFile; fileRef = 01D566C22F18E81C0085C9BD /* AdminCategoriesView.swift */; };
		01D566E22F18E8240085C9BD /* AdminDashboardView.swift in Sources */ = {isa = PBXBuildFile; fileRef = 01D566C32F18E81C0085C9BD /* AdminDashboardView.swift */; };
		01D566E32F18E8250085C9BD /* AdminPostsView.swift in Sources */ = {isa = PBXBuildFile; fileRef = 01D566C42F18E81C0085C9BD /* AdminPostsView.swift */; };
		01D566E42F18E8250085C9BD /* AdminUsersView.swift in Sources */ = {isa = PBXBuildFile; fileRef = 01D566C52F18E81C0085C9BD /* AdminUsersView.swift */; };
		01D566E52F18E8250085C9BD /* CreateAccountView.swift in Sources */ = {isa = PBXBuildFile; fileRef = 01D566C72F18E81E0085C9BD /* CreateAccountView.swift */; };
		01D566E62F18E8250085C9BD /* EkycUploadView.swift in Sources */ = {isa = PBXBuildFile; fileRef = 01D566C82F18E81E0085C9BD /* EkycUploadView.swift */; };
		01D566E72F18E8250085C9BD /* LoginView.swift in Sources */ = {isa = PBXBuildFile; fileRef = 01D566C92F18E81E0085C9BD /* LoginView.swift */; };
		01D566E82F18E8250085C9BD /* RoleSelectionView.swift in Sources */ = {isa = PBXBuildFile; fileRef = 01D566CA2F18E81E0085C9BD /* RoleSelectionView.swift */; };
		01D566E92F18E8250085C9BD /* VerifyOtpView.swift in Sources */ = {isa = PBXBuildFile; fileRef = 01D566CB2F18E81E0085C9BD /* VerifyOtpView.swift */; };
		01D566EA2F18E8250085C9BD /* ChatListView.swift in Sources */ = {isa = PBXBuildFile; fileRef = 01D566CD2F18E81F0085C9BD /* ChatListView.swift */; };
		01D566EB2F18E8250085C9BD /* HomeView.swift in Sources */ = {isa = PBXBuildFile; fileRef = 01D566CF2F18E81F0085C9BD /* HomeView.swift */; };
		01D566EC2F18E8250085C9BD /* MainTabView.swift in Sources */ = {isa = PBXBuildFile; fileRef = 01D566D12F18E81F0085C9BD /* MainTabView.swift */; };
		01D566ED2F18E8250085C9BD /* MarketView.swift in Sources */ = {isa = PBXBuildFile; fileRef = 01D566D32F18E81F0085C9BD /* MarketView.swift */; };
		01D566EE2F18E8250085C9BD /* CreatePostView.swift in Sources */ = {isa = PBXBuildFile; fileRef = 01D566D52F18E8200085C9BD /* CreatePostView.swift */; };
		01D566EF2F18E8250085C9BD /* PostDetailView.swift in Sources */ = {isa = PBXBuildFile; fileRef = 01D566D62F18E8200085C9BD /* PostDetailView.swift */; };
		01D566F02F18E8250085C9BD /* ProfileView.swift in Sources */ = {isa = PBXBuildFile; fileRef = 01D566D82F18E8200085C9BD /* ProfileView.swift */; };
		01D566F12F18E8250085C9BD /* SearchView.swift in Sources */ = {isa = PBXBuildFile; fileRef = 01D566DA2F18E8210085C9BD /* SearchView.swift */; };
		01D566F22F18E8250085C9BD /* APIClient.swift in Sources */ = {isa = PBXBuildFile; fileRef = 01D566DC2F18E8220085C9BD /* APIClient.swift */; };
		01D566F32F18E8250085C9BD /* TokenManager.swift in Sources */ = {isa = PBXBuildFile; fileRef = 01D566DD2F18E8220085C9BD /* TokenManager.swift */; };
		3E65D5CF2F1FCC7600379D60 /* Configuration.swift in Sources */ = {isa = PBXBuildFile; fileRef = 3E65D5CE2F1FCC7600379D60 /* Configuration.swift */; };
		3E65D5D42F1FCC8700379D60 /* ImagePicker.swift in Sources */ = {isa = PBXBuildFile; fileRef = 3E65D5D12F1FCC8700379D60 /* ImagePicker.swift */; };
		3E65D5D52F1FCC8700379D60 /* KYCHelper.swift in Sources */ = {isa = PBXBuildFile; fileRef = 3E65D5D22F1FCC8700379D60 /* KYCHelper.swift */; };
		3E65D5D62F1FCC8700379D60 /* LocationManager.swift in Sources */ = {isa = PBXBuildFile; fileRef = 3E65D5D32F1FCC8700379D60 /* LocationManager.swift */; };
		3E65D5DC2F1FCC9A00379D60 /* CommentRow.swift in Sources */ = {isa = PBXBuildFile; fileRef = 3E65D5D82F1FCC9900379D60 /* CommentRow.swift */; };
		3E65D5DD2F1FCC9A00379D60 /* PostStatusBadge.swift in Sources */ = {isa = PBXBuildFile; fileRef = 3E65D5D92F1FCC9900379D60 /* PostStatusBadge.swift */; };
		3E65D5DE2F1FCC9A00379D60 /* MyPostRow.swift in Sources */ = {isa = PBXBuildFile; fileRef = 3E65D5DA2F1FCC9900379D60 /* MyPostRow.swift */; };
		3E65D5DF2F1FCC9A00379D60 /* EditPostView.swift in Sources */ = {isa = PBXBuildFile; fileRef = 3E65D5DB2F1FCC9900379D60 /* EditPostView.swift */; };
		3E65D5E32F1FCCAA00379D60 /* AdminSettingsView.swift in Sources */ = {isa = PBXBuildFile; fileRef = 3E65D5E02F1FCCA900379D60 /* AdminSettingsView.swift */; };
		3E65D5E42F1FCCAA00379D60 /* EditCategoryView.swift in Sources */ = {isa = PBXBuildFile; fileRef = 3E65D5E12F1FCCA900379D60 /* EditCategoryView.swift */; };
		3E65D5E52F1FCCAA00379D60 /* AdminTabView.swift in Sources */ = {isa = PBXBuildFile; fileRef = 3E65D5E22F1FCCA900379D60 /* AdminTabView.swift */; };
		3E65D5EA2F1FCCCF00379D60 /* LocationFillButton.swift in Sources */ = {isa = PBXBuildFile; fileRef = 3E65D5E72F1FCCCF00379D60 /* LocationFillButton.swift */; };
		3E65D5EB2F1FCCD000379D60 /* CategoryChip.swift in Sources */ = {isa = PBXBuildFile; fileRef = 3E65D5E82F1FCCCF00379D60 /* CategoryChip.swift */; };
		3E65D5EC2F1FCCD000379D60 /* ValidatedFormField.swift in Sources */ = {isa = PBXBuildFile; fileRef = 3E65D5E92F1FCCCF00379D60 /* ValidatedFormField.swift */; };
		3E65D5EE2F1FCCDE00379D60 /* ChatDetailView.swift in Sources */ = {isa = PBXBuildFile; fileRef = 3E65D5ED2F1FCCDE00379D60 /* ChatDetailView.swift */; };
		3E65D5F12F1FCCEA00379D60 /* KycStatusView.swift in Sources */ = {isa = PBXBuildFile; fileRef = 3E65D5EF2F1FCCEA00379D60 /* KycStatusView.swift */; };
		3E65D5F22F1FCCEA00379D60 /* UpdateKycView.swift in Sources */ = {isa = PBXBuildFile; fileRef = 3E65D5F02F1FCCEA00379D60 /* UpdateKycView.swift */; };
		3E7F22632F1774FA00FD2849 /* FE_IOSApp.swift in Sources */ = {isa = PBXBuildFile; fileRef = 3E7F22622F1774FA00FD2849 /* FE_IOSApp.swift */; };
		3E7F22652F1774FB00FD2849 /* ContentView.swift in Sources */ = {isa = PBXBuildFile; fileRef = 3E7F22642F1774FB00FD2849 /* ContentView.swift */; };
		3E7F22672F1774FF00FD2849 /* Assets.xcassets in Resources */ = {isa = PBXBuildFile; fileRef = 3E7F22662F1774FF00FD2849 /* Assets.xcassets */; };
		3E7F226A2F1774FF00FD2849 /* Preview Assets.xcassets in Resources */ = {isa = PBXBuildFile; fileRef = 3E7F22692F1774FF00FD2849 /* Preview Assets.xcassets */; };
		3E7F22742F17750000FD2849 /* FE_IOSTests.swift in Sources */ = {isa = PBXBuildFile; fileRef = 3E7F22732F17750000FD2849 /* FE_IOSTests.swift */; };
		3E7F227E2F17750000FD2849 /* FE_IOSUITests.swift in Sources */ = {isa = PBXBuildFile; fileRef = 3E7F227D2F17750000FD2849 /* FE_IOSUITests.swift */; };
		3E7F22802F17750000FD2849 /* FE_IOSUITestsLaunchTests.swift in Sources */ = {isa = PBXBuildFile; fileRef = 3E7F227F2F17750000FD2849 /* FE_IOSUITestsLaunchTests.swift */; };
/* End PBXBuildFile section */

/* Begin PBXContainerItemProxy section */
		3E7F22702F17750000FD2849 /* PBXContainerItemProxy */ = {
			isa = PBXContainerItemProxy;
			containerPortal = 3E7F22572F1774FA00FD2849 /* Project object */;
			proxyType = 1;
			remoteGlobalIDString = 3E7F225E2F1774FA00FD2849;
			remoteInfo = FE_IOS;
		};
		3E7F227A2F17750000FD2849 /* PBXContainerItemProxy */ = {
			isa = PBXContainerItemProxy;
			containerPortal = 3E7F22572F1774FA00FD2849 /* Project object */;
			proxyType = 1;
			remoteGlobalIDString = 3E7F225E2F1774FA00FD2849;
			remoteInfo = FE_IOS;
		};
/* End PBXContainerItemProxy section */

/* Begin PBXFileReference section */
		01D566BC2F18E8180085C9BD /* Preview Assets.xcassets */ = {isa = PBXFileReference; lastKnownFileType = folder.assetcatalog; path = "Preview Assets.xcassets"; sourceTree = "<group>"; };
		01D566BD2F18E8190085C9BD /* Assets.xcassets */ = {isa = PBXFileReference; lastKnownFileType = folder.assetcatalog; path = Assets.xcassets; sourceTree = "<group>"; };
		01D566BF2F18E81A0085C9BD /* Models.swift */ = {isa = PBXFileReference; fileEncoding = 4; lastKnownFileType = sourcecode.swift; path = Models.swift; sourceTree = "<group>"; };
		01D566C22F18E81C0085C9BD /* AdminCategoriesView.swift */ = {isa = PBXFileReference; fileEncoding = 4; lastKnownFileType = sourcecode.swift; path = AdminCategoriesView.swift; sourceTree = "<group>"; };
		01D566C32F18E81C0085C9BD /* AdminDashboardView.swift */ = {isa = PBXFileReference; fileEncoding = 4; lastKnownFileType = sourcecode.swift; path = AdminDashboardView.swift; sourceTree = "<group>"; };
		01D566C42F18E81C0085C9BD /* AdminPostsView.swift */ = {isa = PBXFileReference; fileEncoding = 4; lastKnownFileType = sourcecode.swift; path = AdminPostsView.swift; sourceTree = "<group>"; };
		01D566C52F18E81C0085C9BD /* AdminUsersView.swift */ = {isa = PBXFileReference; fileEncoding = 4; lastKnownFileType = sourcecode.swift; path = AdminUsersView.swift; sourceTree = "<group>"; };
		01D566C72F18E81E0085C9BD /* CreateAccountView.swift */ = {isa = PBXFileReference; fileEncoding = 4; lastKnownFileType = sourcecode.swift; path = CreateAccountView.swift; sourceTree = "<group>"; };
		01D566C82F18E81E0085C9BD /* EkycUploadView.swift */ = {isa = PBXFileReference; fileEncoding = 4; lastKnownFileType = sourcecode.swift; path = EkycUploadView.swift; sourceTree = "<group>"; };
		01D566C92F18E81E0085C9BD /* LoginView.swift */ = {isa = PBXFileReference; fileEncoding = 4; lastKnownFileType = sourcecode.swift; path = LoginView.swift; sourceTree = "<group>"; };
		01D566CA2F18E81E0085C9BD /* RoleSelectionView.swift */ = {isa = PBXFileReference; fileEncoding = 4; lastKnownFileType = sourcecode.swift; path = RoleSelectionView.swift; sourceTree = "<group>"; };
		01D566CB2F18E81E0085C9BD /* VerifyOtpView.swift */ = {isa = PBXFileReference; fileEncoding = 4; lastKnownFileType = sourcecode.swift; path = VerifyOtpView.swift; sourceTree = "<group>"; };
		01D566CD2F18E81F0085C9BD /* ChatListView.swift */ = {isa = PBXFileReference; fileEncoding = 4; lastKnownFileType = sourcecode.swift; path = ChatListView.swift; sourceTree = "<group>"; };
		01D566CF2F18E81F0085C9BD /* HomeView.swift */ = {isa = PBXFileReference; fileEncoding = 4; lastKnownFileType = sourcecode.swift; path = HomeView.swift; sourceTree = "<group>"; };
		01D566D12F18E81F0085C9BD /* MainTabView.swift */ = {isa = PBXFileReference; fileEncoding = 4; lastKnownFileType = sourcecode.swift; path = MainTabView.swift; sourceTree = "<group>"; };
		01D566D32F18E81F0085C9BD /* MarketView.swift */ = {isa = PBXFileReference; fileEncoding = 4; lastKnownFileType = sourcecode.swift; path = MarketView.swift; sourceTree = "<group>"; };
		01D566D52F18E8200085C9BD /* CreatePostView.swift */ = {isa = PBXFileReference; fileEncoding = 4; lastKnownFileType = sourcecode.swift; path = CreatePostView.swift; sourceTree = "<group>"; };
		01D566D62F18E8200085C9BD /* PostDetailView.swift */ = {isa = PBXFileReference; fileEncoding = 4; lastKnownFileType = sourcecode.swift; path = PostDetailView.swift; sourceTree = "<group>"; };
		01D566D82F18E8200085C9BD /* ProfileView.swift */ = {isa = PBXFileReference; fileEncoding = 4; lastKnownFileType = sourcecode.swift; path = ProfileView.swift; sourceTree = "<group>"; };
		01D566DA2F18E8210085C9BD /* SearchView.swift */ = {isa = PBXFileReference; fileEncoding = 4; lastKnownFileType = sourcecode.swift; path = SearchView.swift; sourceTree = "<group>"; };
		01D566DC2F18E8220085C9BD /* APIClient.swift */ = {isa = PBXFileReference; fileEncoding = 4; lastKnownFileType = sourcecode.swift; path = APIClient.swift; sourceTree = "<group>"; };
		01D566DD2F18E8220085C9BD /* TokenManager.swift */ = {isa = PBXFileReference; fileEncoding = 4; lastKnownFileType = sourcecode.swift; path = TokenManager.swift; sourceTree = "<group>"; };
		3E65D5CE2F1FCC7600379D60 /* Configuration.swift */ = {isa = PBXFileReference; fileEncoding = 4; lastKnownFileType = sourcecode.swift; path = Configuration.swift; sourceTree = "<group>"; };
		3E65D5D12F1FCC8700379D60 /* ImagePicker.swift */ = {isa = PBXFileReference; fileEncoding = 4; lastKnownFileType = sourcecode.swift; path = ImagePicker.swift; sourceTree = "<group>"; };
		3E65D5D22F1FCC8700379D60 /* KYCHelper.swift */ = {isa = PBXFileReference; fileEncoding = 4; lastKnownFileType = sourcecode.swift; path = KYCHelper.swift; sourceTree = "<group>"; };
		3E65D5D32F1FCC8700379D60 /* LocationManager.swift */ = {isa = PBXFileReference; fileEncoding = 4; lastKnownFileType = sourcecode.swift; path = LocationManager.swift; sourceTree = "<group>"; };
		3E65D5D82F1FCC9900379D60 /* CommentRow.swift */ = {isa = PBXFileReference; fileEncoding = 4; lastKnownFileType = sourcecode.swift; path = CommentRow.swift; sourceTree = "<group>"; };
		3E65D5D92F1FCC9900379D60 /* PostStatusBadge.swift */ = {isa = PBXFileReference; fileEncoding = 4; lastKnownFileType = sourcecode.swift; path = PostStatusBadge.swift; sourceTree = "<group>"; };
		3E65D5DA2F1FCC9900379D60 /* MyPostRow.swift */ = {isa = PBXFileReference; fileEncoding = 4; lastKnownFileType = sourcecode.swift; path = MyPostRow.swift; sourceTree = "<group>"; };
		3E65D5DB2F1FCC9900379D60 /* EditPostView.swift */ = {isa = PBXFileReference; fileEncoding = 4; lastKnownFileType = sourcecode.swift; path = EditPostView.swift; sourceTree = "<group>"; };
		3E65D5E02F1FCCA900379D60 /* AdminSettingsView.swift */ = {isa = PBXFileReference; fileEncoding = 4; lastKnownFileType = sourcecode.swift; path = AdminSettingsView.swift; sourceTree = "<group>"; };
		3E65D5E12F1FCCA900379D60 /* EditCategoryView.swift */ = {isa = PBXFileReference; fileEncoding = 4; lastKnownFileType = sourcecode.swift; path = EditCategoryView.swift; sourceTree = "<group>"; };
		3E65D5E22F1FCCA900379D60 /* AdminTabView.swift */ = {isa = PBXFileReference; fileEncoding = 4; lastKnownFileType = sourcecode.swift; path = AdminTabView.swift; sourceTree = "<group>"; };
		3E65D5E72F1FCCCF00379D60 /* LocationFillButton.swift */ = {isa = PBXFileReference; fileEncoding = 4; lastKnownFileType = sourcecode.swift; path = LocationFillButton.swift; sourceTree = "<group>"; };
		3E65D5E82F1FCCCF00379D60 /* CategoryChip.swift */ = {isa = PBXFileReference; fileEncoding = 4; lastKnownFileType = sourcecode.swift; path = CategoryChip.swift; sourceTree = "<group>"; };
		3E65D5E92F1FCCCF00379D60 /* ValidatedFormField.swift */ = {isa = PBXFileReference; fileEncoding = 4; lastKnownFileType = sourcecode.swift; path = ValidatedFormField.swift; sourceTree = "<group>"; };
		3E65D5ED2F1FCCDE00379D60 /* ChatDetailView.swift */ = {isa = PBXFileReference; fileEncoding = 4; lastKnownFileType = sourcecode.swift; path = ChatDetailView.swift; sourceTree = "<group>"; };
		3E65D5EF2F1FCCEA00379D60 /* KycStatusView.swift */ = {isa = PBXFileReference; fileEncoding = 4; lastKnownFileType = sourcecode.swift; path = KycStatusView.swift; sourceTree = "<group>"; };
		3E65D5F02F1FCCEA00379D60 /* UpdateKycView.swift */ = {isa = PBXFileReference; fileEncoding = 4; lastKnownFileType = sourcecode.swift; path = UpdateKycView.swift; sourceTree = "<group>"; };
		3E7F225F2F1774FA00FD2849 /* FE_IOS.app */ = {isa = PBXFileReference; explicitFileType = wrapper.application; includeInIndex = 0; path = FE_IOS.app; sourceTree = BUILT_PRODUCTS_DIR; };
		3E7F22622F1774FA00FD2849 /* FE_IOSApp.swift */ = {isa = PBXFileReference; lastKnownFileType = sourcecode.swift; path = FE_IOSApp.swift; sourceTree = "<group>"; };
		3E7F22642F1774FB00FD2849 /* ContentView.swift */ = {isa = PBXFileReference; lastKnownFileType = sourcecode.swift; path = ContentView.swift; sourceTree = "<group>"; };
		3E7F22662F1774FF00FD2849 /* Assets.xcassets */ = {isa = PBXFileReference; lastKnownFileType = folder.assetcatalog; path = Assets.xcassets; sourceTree = "<group>"; };
		3E7F22692F1774FF00FD2849 /* Preview Assets.xcassets */ = {isa = PBXFileReference; lastKnownFileType = folder.assetcatalog; path = "Preview Assets.xcassets"; sourceTree = "<group>"; };
		3E7F226F2F17750000FD2849 /* FE_IOSTests.xctest */ = {isa = PBXFileReference; explicitFileType = wrapper.cfbundle; includeInIndex = 0; path = FE_IOSTests.xctest; sourceTree = BUILT_PRODUCTS_DIR; };
		3E7F22732F17750000FD2849 /* FE_IOSTests.swift */ = {isa = PBXFileReference; lastKnownFileType = sourcecode.swift; path = FE_IOSTests.swift; sourceTree = "<group>"; };
		3E7F22792F17750000FD2849 /* FE_IOSUITests.xctest */ = {isa = PBXFileReference; explicitFileType = wrapper.cfbundle; includeInIndex = 0; path = FE_IOSUITests.xctest; sourceTree = BUILT_PRODUCTS_DIR; };
		3E7F227D2F17750000FD2849 /* FE_IOSUITests.swift */ = {isa = PBXFileReference; lastKnownFileType = sourcecode.swift; path = FE_IOSUITests.swift; sourceTree = "<group>"; };
		3E7F227F2F17750000FD2849 /* FE_IOSUITestsLaunchTests.swift */ = {isa = PBXFileReference; lastKnownFileType = sourcecode.swift; path = FE_IOSUITestsLaunchTests.swift; sourceTree = "<group>"; };
/* End PBXFileReference section */

/* Begin PBXFrameworksBuildPhase section */
		3E7F225C2F1774FA00FD2849 /* Frameworks */ = {
			isa = PBXFrameworksBuildPhase;
			buildActionMask = 2147483647;
			files = (
			);
			runOnlyForDeploymentPostprocessing = 0;
		};
		3E7F226C2F17750000FD2849 /* Frameworks */ = {
			isa = PBXFrameworksBuildPhase;
			buildActionMask = 2147483647;
			files = (
			);
			runOnlyForDeploymentPostprocessing = 0;
		};
		3E7F22762F17750000FD2849 /* Frameworks */ = {
			isa = PBXFrameworksBuildPhase;
			buildActionMask = 2147483647;
			files = (
			);
			runOnlyForDeploymentPostprocessing = 0;
		};
/* End PBXFrameworksBuildPhase section */

/* Begin PBXGroup section */
		01D566BB2F18E8180085C9BD /* Preview Content */ = {
			isa = PBXGroup;
			children = (
				01D566BC2F18E8180085C9BD /* Preview Assets.xcassets */,
			);
			path = "Preview Content";
			sourceTree = "<group>";
		};
		01D566BE2F18E81A0085C9BD /* Models */ = {
			isa = PBXGroup;
			children = (
				01D566BF2F18E81A0085C9BD /* Models.swift */,
			);
			path = Models;
			sourceTree = "<group>";
		};
		01D566C02F18E81B0085C9BD /* Views */ = {
			isa = PBXGroup;
			children = (
				3E65D5E62F1FCCCF00379D60 /* Components */,
				01D566C12F18E81C0085C9BD /* Admin */,
				01D566C62F18E81D0085C9BD /* Auth */,
				01D566CC2F18E81F0085C9BD /* Chat */,
				01D566CE2F18E81F0085C9BD /* Home */,
				01D566D02F18E81F0085C9BD /* Main */,
				01D566D22F18E81F0085C9BD /* Market */,
				01D566D42F18E81F0085C9BD /* Post */,
				01D566D72F18E8200085C9BD /* Profile */,
				01D566D92F18E8210085C9BD /* Search */,
			);
			path = Views;
			sourceTree = "<group>";
		};
		01D566C12F18E81C0085C9BD /* Admin */ = {
			isa = PBXGroup;
			children = (
				3E65D5E02F1FCCA900379D60 /* AdminSettingsView.swift */,
				3E65D5E22F1FCCA900379D60 /* AdminTabView.swift */,
				3E65D5E12F1FCCA900379D60 /* EditCategoryView.swift */,
				01D566C22F18E81C0085C9BD /* AdminCategoriesView.swift */,
				01D566C32F18E81C0085C9BD /* AdminDashboardView.swift */,
				01D566C42F18E81C0085C9BD /* AdminPostsView.swift */,
				01D566C52F18E81C0085C9BD /* AdminUsersView.swift */,
			);
			path = Admin;
			sourceTree = "<group>";
		};
		01D566C62F18E81D0085C9BD /* Auth */ = {
			isa = PBXGroup;
			children = (
				01D566C72F18E81E0085C9BD /* CreateAccountView.swift */,
				01D566C82F18E81E0085C9BD /* EkycUploadView.swift */,
				01D566C92F18E81E0085C9BD /* LoginView.swift */,
				01D566CA2F18E81E0085C9BD /* RoleSelectionView.swift */,
				01D566CB2F18E81E0085C9BD /* VerifyOtpView.swift */,
			);
			path = Auth;
			sourceTree = "<group>";
		};
		01D566CC2F18E81F0085C9BD /* Chat */ = {
			isa = PBXGroup;
			children = (
				3E65D5ED2F1FCCDE00379D60 /* ChatDetailView.swift */,
				01D566CD2F18E81F0085C9BD /* ChatListView.swift */,
			);
			path = Chat;
			sourceTree = "<group>";
		};
		01D566CE2F18E81F0085C9BD /* Home */ = {
			isa = PBXGroup;
			children = (
				01D566CF2F18E81F0085C9BD /* HomeView.swift */,
			);
			path = Home;
			sourceTree = "<group>";
		};
		01D566D02F18E81F0085C9BD /* Main */ = {
			isa = PBXGroup;
			children = (
				01D566D12F18E81F0085C9BD /* MainTabView.swift */,
			);
			path = Main;
			sourceTree = "<group>";
		};
		01D566D22F18E81F0085C9BD /* Market */ = {
			isa = PBXGroup;
			children = (
				01D566D32F18E81F0085C9BD /* MarketView.swift */,
			);
			path = Market;
			sourceTree = "<group>";
		};
		01D566D42F18E81F0085C9BD /* Post */ = {
			isa = PBXGroup;
			children = (
				3E65D5D72F1FCC9900379D60 /* Components */,
				3E65D5DB2F1FCC9900379D60 /* EditPostView.swift */,
				01D566D52F18E8200085C9BD /* CreatePostView.swift */,
				01D566D62F18E8200085C9BD /* PostDetailView.swift */,
			);
			path = Post;
			sourceTree = "<group>";
		};
		01D566D72F18E8200085C9BD /* Profile */ = {
			isa = PBXGroup;
			children = (
				3E65D5EF2F1FCCEA00379D60 /* KycStatusView.swift */,
				3E65D5F02F1FCCEA00379D60 /* UpdateKycView.swift */,
				01D566D82F18E8200085C9BD /* ProfileView.swift */,
			);
			path = Profile;
			sourceTree = "<group>";
		};
		01D566D92F18E8210085C9BD /* Search */ = {
			isa = PBXGroup;
			children = (
				01D566DA2F18E8210085C9BD /* SearchView.swift */,
			);
			path = Search;
			sourceTree = "<group>";
		};
		01D566DB2F18E8220085C9BD /* Network */ = {
			isa = PBXGroup;
			children = (
				3E65D5CE2F1FCC7600379D60 /* Configuration.swift */,
				01D566DC2F18E8220085C9BD /* APIClient.swift */,
				01D566DD2F18E8220085C9BD /* TokenManager.swift */,
			);
			path = Network;
			sourceTree = "<group>";
		};
		3E65D5D02F1FCC8700379D60 /* Helpers */ = {
			isa = PBXGroup;
			children = (
				3E65D5D12F1FCC8700379D60 /* ImagePicker.swift */,
				3E65D5D22F1FCC8700379D60 /* KYCHelper.swift */,
				3E65D5D32F1FCC8700379D60 /* LocationManager.swift */,
			);
			path = Helpers;
			sourceTree = "<group>";
		};
		3E65D5D72F1FCC9900379D60 /* Components */ = {
			isa = PBXGroup;
			children = (
				3E65D5D82F1FCC9900379D60 /* CommentRow.swift */,
				3E65D5D92F1FCC9900379D60 /* PostStatusBadge.swift */,
				3E65D5DA2F1FCC9900379D60 /* MyPostRow.swift */,
			);
			path = Components;
			sourceTree = "<group>";
		};
		3E65D5E62F1FCCCF00379D60 /* Components */ = {
			isa = PBXGroup;
			children = (
				3E65D5E72F1FCCCF00379D60 /* LocationFillButton.swift */,
				3E65D5E82F1FCCCF00379D60 /* CategoryChip.swift */,
				3E65D5E92F1FCCCF00379D60 /* ValidatedFormField.swift */,
			);
			path = Components;
			sourceTree = "<group>";
		};
		3E7F22562F1774FA00FD2849 = {
			isa = PBXGroup;
			children = (
				3E7F22612F1774FA00FD2849 /* FE_IOS */,
				3E7F22722F17750000FD2849 /* FE_IOSTests */,
				3E7F227C2F17750000FD2849 /* FE_IOSUITests */,
				3E7F22602F1774FA00FD2849 /* Products */,
			);
			sourceTree = "<group>";
		};
		3E7F22602F1774FA00FD2849 /* Products */ = {
			isa = PBXGroup;
			children = (
				3E7F225F2F1774FA00FD2849 /* FE_IOS.app */,
				3E7F226F2F17750000FD2849 /* FE_IOSTests.xctest */,
				3E7F22792F17750000FD2849 /* FE_IOSUITests.xctest */,
			);
			name = Products;
			sourceTree = "<group>";
		};
		3E7F22612F1774FA00FD2849 /* FE_IOS */ = {
			isa = PBXGroup;
			children = (
				3E65D5D02F1FCC8700379D60 /* Helpers */,
				01D566BD2F18E8190085C9BD /* Assets.xcassets */,
				01D566BE2F18E81A0085C9BD /* Models */,
				01D566DB2F18E8220085C9BD /* Network */,
				01D566BB2F18E8180085C9BD /* Preview Content */,
				01D566C02F18E81B0085C9BD /* Views */,
				3E7F22622F1774FA00FD2849 /* FE_IOSApp.swift */,
				3E7F22642F1774FB00FD2849 /* ContentView.swift */,
				3E7F22662F1774FF00FD2849 /* Assets.xcassets */,
				3E7F22682F1774FF00FD2849 /* Preview Content */,
			);
			path = FE_IOS;
			sourceTree = "<group>";
		};
		3E7F22682F1774FF00FD2849 /* Preview Content */ = {
			isa = PBXGroup;
			children = (
				3E7F22692F1774FF00FD2849 /* Preview Assets.xcassets */,
			);
			path = "Preview Content";
			sourceTree = "<group>";
		};
		3E7F22722F17750000FD2849 /* FE_IOSTests */ = {
			isa = PBXGroup;
			children = (
				3E7F22732F17750000FD2849 /* FE_IOSTests.swift */,
			);
			path = FE_IOSTests;
			sourceTree = "<group>";
		};
		3E7F227C2F17750000FD2849 /* FE_IOSUITests */ = {
			isa = PBXGroup;
			children = (
				3E7F227D2F17750000FD2849 /* FE_IOSUITests.swift */,
				3E7F227F2F17750000FD2849 /* FE_IOSUITestsLaunchTests.swift */,
			);
			path = FE_IOSUITests;
			sourceTree = "<group>";
		};
/* End PBXGroup section */

/* Begin PBXNativeTarget section */
		3E7F225E2F1774FA00FD2849 /* FE_IOS */ = {
			isa = PBXNativeTarget;
			buildConfigurationList = 3E7F22832F17750000FD2849 /* Build configuration list for PBXNativeTarget "FE_IOS" */;
			buildPhases = (
				3E7F225B2F1774FA00FD2849 /* Sources */,
				3E7F225C2F1774FA00FD2849 /* Frameworks */,
				3E7F225D2F1774FA00FD2849 /* Resources */,
			);
			buildRules = (
			);
			dependencies = (
			);
			name = FE_IOS;
			productName = FE_IOS;
			productReference = 3E7F225F2F1774FA00FD2849 /* FE_IOS.app */;
			productType = "com.apple.product-type.application";
		};
		3E7F226E2F17750000FD2849 /* FE_IOSTests */ = {
			isa = PBXNativeTarget;
			buildConfigurationList = 3E7F22862F17750000FD2849 /* Build configuration list for PBXNativeTarget "FE_IOSTests" */;
			buildPhases = (
				3E7F226B2F17750000FD2849 /* Sources */,
				3E7F226C2F17750000FD2849 /* Frameworks */,
				3E7F226D2F17750000FD2849 /* Resources */,
			);
			buildRules = (
			);
			dependencies = (
				3E7F22712F17750000FD2849 /* PBXTargetDependency */,
			);
			name = FE_IOSTests;
			productName = FE_IOSTests;
			productReference = 3E7F226F2F17750000FD2849 /* FE_IOSTests.xctest */;
			productType = "com.apple.product-type.bundle.unit-test";
		};
		3E7F22782F17750000FD2849 /* FE_IOSUITests */ = {
			isa = PBXNativeTarget;
			buildConfigurationList = 3E7F22892F17750000FD2849 /* Build configuration list for PBXNativeTarget "FE_IOSUITests" */;
			buildPhases = (
				3E7F22752F17750000FD2849 /* Sources */,
				3E7F22762F17750000FD2849 /* Frameworks */,
				3E7F22772F17750000FD2849 /* Resources */,
			);
			buildRules = (
			);
			dependencies = (
				3E7F227B2F17750000FD2849 /* PBXTargetDependency */,
			);
			name = FE_IOSUITests;
			productName = FE_IOSUITests;
			productReference = 3E7F22792F17750000FD2849 /* FE_IOSUITests.xctest */;
			productType = "com.apple.product-type.bundle.ui-testing";
		};
/* End PBXNativeTarget section */

/* Begin PBXProject section */
		3E7F22572F1774FA00FD2849 /* Project object */ = {
			isa = PBXProject;
			attributes = {
				BuildIndependentTargetsInParallel = 1;
				LastSwiftUpdateCheck = 1320;
				LastUpgradeCheck = 1320;
				TargetAttributes = {
					3E7F225E2F1774FA00FD2849 = {
						CreatedOnToolsVersion = 13.2.1;
					};
					3E7F226E2F17750000FD2849 = {
						CreatedOnToolsVersion = 13.2.1;
						TestTargetID = 3E7F225E2F1774FA00FD2849;
					};
					3E7F22782F17750000FD2849 = {
						CreatedOnToolsVersion = 13.2.1;
						TestTargetID = 3E7F225E2F1774FA00FD2849;
					};
				};
			};
			buildConfigurationList = 3E7F225A2F1774FA00FD2849 /* Build configuration list for PBXProject "FE_IOS" */;
			compatibilityVersion = "Xcode 13.0";
			developmentRegion = en;
			hasScannedForEncodings = 0;
			knownRegions = (
				en,
				Base,
			);
			mainGroup = 3E7F22562F1774FA00FD2849;
			productRefGroup = 3E7F22602F1774FA00FD2849 /* Products */;
			projectDirPath = "";
			projectRoot = "";
			targets = (
				3E7F225E2F1774FA00FD2849 /* FE_IOS */,
				3E7F226E2F17750000FD2849 /* FE_IOSTests */,
				3E7F22782F17750000FD2849 /* FE_IOSUITests */,
			);
		};
/* End PBXProject section */

/* Begin PBXResourcesBuildPhase section */
		3E7F225D2F1774FA00FD2849 /* Resources */ = {
			isa = PBXResourcesBuildPhase;
			buildActionMask = 2147483647;
			files = (
				3E7F226A2F1774FF00FD2849 /* Preview Assets.xcassets in Resources */,
				01D566DE2F18E8240085C9BD /* Preview Assets.xcassets in Resources */,
				01D566DF2F18E8240085C9BD /* Assets.xcassets in Resources */,
				3E7F22672F1774FF00FD2849 /* Assets.xcassets in Resources */,
			);
			runOnlyForDeploymentPostprocessing = 0;
		};
		3E7F226D2F17750000FD2849 /* Resources */ = {
			isa = PBXResourcesBuildPhase;
			buildActionMask = 2147483647;
			files = (
			);
			runOnlyForDeploymentPostprocessing = 0;
		};
		3E7F22772F17750000FD2849 /* Resources */ = {
			isa = PBXResourcesBuildPhase;
			buildActionMask = 2147483647;
			files = (
			);
			runOnlyForDeploymentPostprocessing = 0;
		};
/* End PBXResourcesBuildPhase section */

/* Begin PBXSourcesBuildPhase section */
		3E7F225B2F1774FA00FD2849 /* Sources */ = {
			isa = PBXSourcesBuildPhase;
			buildActionMask = 2147483647;
			files = (
				01D566F12F18E8250085C9BD /* SearchView.swift in Sources */,
				3E65D5DE2F1FCC9A00379D60 /* MyPostRow.swift in Sources */,
				01D566E02F18E8240085C9BD /* Models.swift in Sources */,
				01D566EB2F18E8250085C9BD /* HomeView.swift in Sources */,
				01D566E62F18E8250085C9BD /* EkycUploadView.swift in Sources */,
				3E7F22652F1774FB00FD2849 /* ContentView.swift in Sources */,
				3E65D5DD2F1FCC9A00379D60 /* PostStatusBadge.swift in Sources */,
				01D566E32F18E8250085C9BD /* AdminPostsView.swift in Sources */,
				01D566E12F18E8240085C9BD /* AdminCategoriesView.swift in Sources */,
				01D566E92F18E8250085C9BD /* VerifyOtpView.swift in Sources */,
				01D566F22F18E8250085C9BD /* APIClient.swift in Sources */,
				01D566E22F18E8240085C9BD /* AdminDashboardView.swift in Sources */,
				3E7F22632F1774FA00FD2849 /* FE_IOSApp.swift in Sources */,
				01D566F32F18E8250085C9BD /* TokenManager.swift in Sources */,
				3E65D5D62F1FCC8700379D60 /* LocationManager.swift in Sources */,
				01D566EF2F18E8250085C9BD /* PostDetailView.swift in Sources */,
				3E65D5E42F1FCCAA00379D60 /* EditCategoryView.swift in Sources */,
				3E65D5EC2F1FCCD000379D60 /* ValidatedFormField.swift in Sources */,
				01D566E52F18E8250085C9BD /* CreateAccountView.swift in Sources */,
				01D566ED2F18E8250085C9BD /* MarketView.swift in Sources */,
				3E65D5EA2F1FCCCF00379D60 /* LocationFillButton.swift in Sources */,
				3E65D5D52F1FCC8700379D60 /* KYCHelper.swift in Sources */,
				01D566E82F18E8250085C9BD /* RoleSelectionView.swift in Sources */,
				01D566E72F18E8250085C9BD /* LoginView.swift in Sources */,
				01D566E42F18E8250085C9BD /* AdminUsersView.swift in Sources */,
				3E65D5DF2F1FCC9A00379D60 /* EditPostView.swift in Sources */,
				01D566EE2F18E8250085C9BD /* CreatePostView.swift in Sources */,
				01D566F02F18E8250085C9BD /* ProfileView.swift in Sources */,
				3E65D5F12F1FCCEA00379D60 /* KycStatusView.swift in Sources */,
				3E65D5CF2F1FCC7600379D60 /* Configuration.swift in Sources */,
				3E65D5EB2F1FCCD000379D60 /* CategoryChip.swift in Sources */,
				3E65D5D42F1FCC8700379D60 /* ImagePicker.swift in Sources */,
				01D566EA2F18E8250085C9BD /* ChatListView.swift in Sources */,
				01D566EC2F18E8250085C9BD /* MainTabView.swift in Sources */,
				3E65D5F22F1FCCEA00379D60 /* UpdateKycView.swift in Sources */,
				3E65D5DC2F1FCC9A00379D60 /* CommentRow.swift in Sources */,
				3E65D5EE2F1FCCDE00379D60 /* ChatDetailView.swift in Sources */,
				3E65D5E52F1FCCAA00379D60 /* AdminTabView.swift in Sources */,
				3E65D5E32F1FCCAA00379D60 /* AdminSettingsView.swift in Sources */,
			);
			runOnlyForDeploymentPostprocessing = 0;
		};
		3E7F226B2F17750000FD2849 /* Sources */ = {
			isa = PBXSourcesBuildPhase;
			buildActionMask = 2147483647;
			files = (
				3E7F22742F17750000FD2849 /* FE_IOSTests.swift in Sources */,
			);
			runOnlyForDeploymentPostprocessing = 0;
		};
		3E7F22752F17750000FD2849 /* Sources */ = {
			isa = PBXSourcesBuildPhase;
			buildActionMask = 2147483647;
			files = (
				3E7F227E2F17750000FD2849 /* FE_IOSUITests.swift in Sources */,
				3E7F22802F17750000FD2849 /* FE_IOSUITestsLaunchTests.swift in Sources */,
			);
			runOnlyForDeploymentPostprocessing = 0;
		};
/* End PBXSourcesBuildPhase section */

/* Begin PBXTargetDependency section */
		3E7F22712F17750000FD2849 /* PBXTargetDependency */ = {
			isa = PBXTargetDependency;
			target = 3E7F225E2F1774FA00FD2849 /* FE_IOS */;
			targetProxy = 3E7F22702F17750000FD2849 /* PBXContainerItemProxy */;
		};
		3E7F227B2F17750000FD2849 /* PBXTargetDependency */ = {
			isa = PBXTargetDependency;
			target = 3E7F225E2F1774FA00FD2849 /* FE_IOS */;
			targetProxy = 3E7F227A2F17750000FD2849 /* PBXContainerItemProxy */;
		};
/* End PBXTargetDependency section */

/* Begin XCBuildConfiguration section */
		3E7F22812F17750000FD2849 /* Debug */ = {
			isa = XCBuildConfiguration;
			buildSettings = {
				ALWAYS_SEARCH_USER_PATHS = NO;
				CLANG_ANALYZER_NONNULL = YES;
				CLANG_ANALYZER_NUMBER_OBJECT_CONVERSION = YES_AGGRESSIVE;
				CLANG_CXX_LANGUAGE_STANDARD = "gnu++17";
				CLANG_CXX_LIBRARY = "libc++";
				CLANG_ENABLE_MODULES = YES;
				CLANG_ENABLE_OBJC_ARC = YES;
				CLANG_ENABLE_OBJC_WEAK = YES;
				CLANG_WARN_BLOCK_CAPTURE_AUTORELEASING = YES;
				CLANG_WARN_BOOL_CONVERSION = YES;
				CLANG_WARN_COMMA = YES;
				CLANG_WARN_CONSTANT_CONVERSION = YES;
				CLANG_WARN_DEPRECATED_OBJC_IMPLEMENTATIONS = YES;
				CLANG_WARN_DIRECT_OBJC_ISA_USAGE = YES_ERROR;
				CLANG_WARN_DOCUMENTATION_COMMENTS = YES;
				CLANG_WARN_EMPTY_BODY = YES;
				CLANG_WARN_ENUM_CONVERSION = YES;
				CLANG_WARN_INFINITE_RECURSION = YES;
				CLANG_WARN_INT_CONVERSION = YES;
				CLANG_WARN_NON_LITERAL_NULL_CONVERSION = YES;
				CLANG_WARN_OBJC_IMPLICIT_RETAIN_SELF = YES;
				CLANG_WARN_OBJC_LITERAL_CONVERSION = YES;
				CLANG_WARN_OBJC_ROOT_CLASS = YES_ERROR;
				CLANG_WARN_QUOTED_INCLUDE_IN_FRAMEWORK_HEADER = YES;
				CLANG_WARN_RANGE_LOOP_ANALYSIS = YES;
				CLANG_WARN_STRICT_PROTOTYPES = YES;
				CLANG_WARN_SUSPICIOUS_MOVE = YES;
				CLANG_WARN_UNGUARDED_AVAILABILITY = YES_AGGRESSIVE;
				CLANG_WARN_UNREACHABLE_CODE = YES;
				CLANG_WARN__DUPLICATE_METHOD_MATCH = YES;
				COPY_PHASE_STRIP = NO;
				DEBUG_INFORMATION_FORMAT = dwarf;
				ENABLE_STRICT_OBJC_MSGSEND = YES;
				ENABLE_TESTABILITY = YES;
				GCC_C_LANGUAGE_STANDARD = gnu11;
				GCC_DYNAMIC_NO_PIC = NO;
				GCC_NO_COMMON_BLOCKS = YES;
				GCC_OPTIMIZATION_LEVEL = 0;
				GCC_PREPROCESSOR_DEFINITIONS = (
					"DEBUG=1",
					"$(inherited)",
				);
				GCC_WARN_64_TO_32_BIT_CONVERSION = YES;
				GCC_WARN_ABOUT_RETURN_TYPE = YES_ERROR;
				GCC_WARN_UNDECLARED_SELECTOR = YES;
				GCC_WARN_UNINITIALIZED_AUTOS = YES_AGGRESSIVE;
				GCC_WARN_UNUSED_FUNCTION = YES;
				GCC_WARN_UNUSED_VARIABLE = YES;
				IPHONEOS_DEPLOYMENT_TARGET = 15.2;
				MTL_ENABLE_DEBUG_INFO = INCLUDE_SOURCE;
				MTL_FAST_MATH = YES;
				ONLY_ACTIVE_ARCH = YES;
				SDKROOT = iphoneos;
				SWIFT_ACTIVE_COMPILATION_CONDITIONS = DEBUG;
				SWIFT_OPTIMIZATION_LEVEL = "-Onone";
			};
			name = Debug;
		};
		3E7F22822F17750000FD2849 /* Release */ = {
			isa = XCBuildConfiguration;
			buildSettings = {
				ALWAYS_SEARCH_USER_PATHS = NO;
				CLANG_ANALYZER_NONNULL = YES;
				CLANG_ANALYZER_NUMBER_OBJECT_CONVERSION = YES_AGGRESSIVE;
				CLANG_CXX_LANGUAGE_STANDARD = "gnu++17";
				CLANG_CXX_LIBRARY = "libc++";
				CLANG_ENABLE_MODULES = YES;
				CLANG_ENABLE_OBJC_ARC = YES;
				CLANG_ENABLE_OBJC_WEAK = YES;
				CLANG_WARN_BLOCK_CAPTURE_AUTORELEASING = YES;
				CLANG_WARN_BOOL_CONVERSION = YES;
				CLANG_WARN_COMMA = YES;
				CLANG_WARN_CONSTANT_CONVERSION = YES;
				CLANG_WARN_DEPRECATED_OBJC_IMPLEMENTATIONS = YES;
				CLANG_WARN_DIRECT_OBJC_ISA_USAGE = YES_ERROR;
				CLANG_WARN_DOCUMENTATION_COMMENTS = YES;
				CLANG_WARN_EMPTY_BODY = YES;
				CLANG_WARN_ENUM_CONVERSION = YES;
				CLANG_WARN_INFINITE_RECURSION = YES;
				CLANG_WARN_INT_CONVERSION = YES;
				CLANG_WARN_NON_LITERAL_NULL_CONVERSION = YES;
				CLANG_WARN_OBJC_IMPLICIT_RETAIN_SELF = YES;
				CLANG_WARN_OBJC_LITERAL_CONVERSION = YES;
				CLANG_WARN_OBJC_ROOT_CLASS = YES_ERROR;
				CLANG_WARN_QUOTED_INCLUDE_IN_FRAMEWORK_HEADER = YES;
				CLANG_WARN_RANGE_LOOP_ANALYSIS = YES;
				CLANG_WARN_STRICT_PROTOTYPES = YES;
				CLANG_WARN_SUSPICIOUS_MOVE = YES;
				CLANG_WARN_UNGUARDED_AVAILABILITY = YES_AGGRESSIVE;
				CLANG_WARN_UNREACHABLE_CODE = YES;
				CLANG_WARN__DUPLICATE_METHOD_MATCH = YES;
				COPY_PHASE_STRIP = NO;
				DEBUG_INFORMATION_FORMAT = "dwarf-with-dsym";
				ENABLE_NS_ASSERTIONS = NO;
				ENABLE_STRICT_OBJC_MSGSEND = YES;
				GCC_C_LANGUAGE_STANDARD = gnu11;
				GCC_NO_COMMON_BLOCKS = YES;
				GCC_WARN_64_TO_32_BIT_CONVERSION = YES;
				GCC_WARN_ABOUT_RETURN_TYPE = YES_ERROR;
				GCC_WARN_UNDECLARED_SELECTOR = YES;
				GCC_WARN_UNINITIALIZED_AUTOS = YES_AGGRESSIVE;
				GCC_WARN_UNUSED_FUNCTION = YES;
				GCC_WARN_UNUSED_VARIABLE = YES;
				IPHONEOS_DEPLOYMENT_TARGET = 15.2;
				MTL_ENABLE_DEBUG_INFO = NO;
				MTL_FAST_MATH = YES;
				SDKROOT = iphoneos;
				SWIFT_COMPILATION_MODE = wholemodule;
				SWIFT_OPTIMIZATION_LEVEL = "-O";
				VALIDATE_PRODUCT = YES;
			};
			name = Release;
		};
		3E7F22842F17750000FD2849 /* Debug */ = {
			isa = XCBuildConfiguration;
			buildSettings = {
				ASSETCATALOG_COMPILER_APPICON_NAME = AppIcon;
				ASSETCATALOG_COMPILER_GLOBAL_ACCENT_COLOR_NAME = AccentColor;
				CODE_SIGN_STYLE = Automatic;
				CURRENT_PROJECT_VERSION = 1;
				DEVELOPMENT_ASSET_PATHS = "\"FE_IOS/Preview Content\"";
				ENABLE_PREVIEWS = YES;
				GENERATE_INFOPLIST_FILE = YES;
				INFOPLIST_KEY_UIApplicationSceneManifest_Generation = YES;
				INFOPLIST_KEY_UIApplicationSupportsIndirectInputEvents = YES;
				INFOPLIST_KEY_UILaunchScreen_Generation = YES;
				INFOPLIST_KEY_UISupportedInterfaceOrientations_iPad = "UIInterfaceOrientationPortrait UIInterfaceOrientationPortraitUpsideDown UIInterfaceOrientationLandscapeLeft UIInterfaceOrientationLandscapeRight";
				INFOPLIST_KEY_UISupportedInterfaceOrientations_iPhone = "UIInterfaceOrientationPortrait UIInterfaceOrientationLandscapeLeft UIInterfaceOrientationLandscapeRight";
				LD_RUNPATH_SEARCH_PATHS = (
					"$(inherited)",
					"@executable_path/Frameworks",
				);
				MARKETING_VERSION = 1.0;
				PRODUCT_BUNDLE_IDENTIFIER = "Agri-Connect.FE-IOS";
				PRODUCT_NAME = "$(TARGET_NAME)";
				SWIFT_EMIT_LOC_STRINGS = YES;
				SWIFT_VERSION = 5.0;
				TARGETED_DEVICE_FAMILY = "1,2";
			};
			name = Debug;
		};
		3E7F22852F17750000FD2849 /* Release */ = {
			isa = XCBuildConfiguration;
			buildSettings = {
				ASSETCATALOG_COMPILER_APPICON_NAME = AppIcon;
				ASSETCATALOG_COMPILER_GLOBAL_ACCENT_COLOR_NAME = AccentColor;
				CODE_SIGN_STYLE = Automatic;
				CURRENT_PROJECT_VERSION = 1;
				DEVELOPMENT_ASSET_PATHS = "\"FE_IOS/Preview Content\"";
				ENABLE_PREVIEWS = YES;
				GENERATE_INFOPLIST_FILE = YES;
				INFOPLIST_KEY_UIApplicationSceneManifest_Generation = YES;
				INFOPLIST_KEY_UIApplicationSupportsIndirectInputEvents = YES;
				INFOPLIST_KEY_UILaunchScreen_Generation = YES;
				INFOPLIST_KEY_UISupportedInterfaceOrientations_iPad = "UIInterfaceOrientationPortrait UIInterfaceOrientationPortraitUpsideDown UIInterfaceOrientationLandscapeLeft UIInterfaceOrientationLandscapeRight";
				INFOPLIST_KEY_UISupportedInterfaceOrientations_iPhone = "UIInterfaceOrientationPortrait UIInterfaceOrientationLandscapeLeft UIInterfaceOrientationLandscapeRight";
				LD_RUNPATH_SEARCH_PATHS = (
					"$(inherited)",
					"@executable_path/Frameworks",
				);
				MARKETING_VERSION = 1.0;
				PRODUCT_BUNDLE_IDENTIFIER = "Agri-Connect.FE-IOS";
				PRODUCT_NAME = "$(TARGET_NAME)";
				SWIFT_EMIT_LOC_STRINGS = YES;
				SWIFT_VERSION = 5.0;
				TARGETED_DEVICE_FAMILY = "1,2";
			};
			name = Release;
		};
		3E7F22872F17750000FD2849 /* Debug */ = {
			isa = XCBuildConfiguration;
			buildSettings = {
				ALWAYS_EMBED_SWIFT_STANDARD_LIBRARIES = YES;
				BUNDLE_LOADER = "$(TEST_HOST)";
				CODE_SIGN_STYLE = Automatic;
				CURRENT_PROJECT_VERSION = 1;
				GENERATE_INFOPLIST_FILE = YES;
				IPHONEOS_DEPLOYMENT_TARGET = 15.2;
				MARKETING_VERSION = 1.0;
				PRODUCT_BUNDLE_IDENTIFIER = "Agri-Connect.FE-IOSTests";
				PRODUCT_NAME = "$(TARGET_NAME)";
				SWIFT_EMIT_LOC_STRINGS = NO;
				SWIFT_VERSION = 5.0;
				TARGETED_DEVICE_FAMILY = "1,2";
				TEST_HOST = "$(BUILT_PRODUCTS_DIR)/FE_IOS.app/FE_IOS";
			};
			name = Debug;
		};
		3E7F22882F17750000FD2849 /* Release */ = {
			isa = XCBuildConfiguration;
			buildSettings = {
				ALWAYS_EMBED_SWIFT_STANDARD_LIBRARIES = YES;
				BUNDLE_LOADER = "$(TEST_HOST)";
				CODE_SIGN_STYLE = Automatic;
				CURRENT_PROJECT_VERSION = 1;
				GENERATE_INFOPLIST_FILE = YES;
				IPHONEOS_DEPLOYMENT_TARGET = 15.2;
				MARKETING_VERSION = 1.0;
				PRODUCT_BUNDLE_IDENTIFIER = "Agri-Connect.FE-IOSTests";
				PRODUCT_NAME = "$(TARGET_NAME)";
				SWIFT_EMIT_LOC_STRINGS = NO;
				SWIFT_VERSION = 5.0;
				TARGETED_DEVICE_FAMILY = "1,2";
				TEST_HOST = "$(BUILT_PRODUCTS_DIR)/FE_IOS.app/FE_IOS";
			};
			name = Release;
		};
		3E7F228A2F17750000FD2849 /* Debug */ = {
			isa = XCBuildConfiguration;
			buildSettings = {
				ALWAYS_EMBED_SWIFT_STANDARD_LIBRARIES = YES;
				CODE_SIGN_STYLE = Automatic;
				CURRENT_PROJECT_VERSION = 1;
				GENERATE_INFOPLIST_FILE = YES;
				MARKETING_VERSION = 1.0;
				PRODUCT_BUNDLE_IDENTIFIER = "Agri-Connect.FE-IOSUITests";
				PRODUCT_NAME = "$(TARGET_NAME)";
				SWIFT_EMIT_LOC_STRINGS = NO;
				SWIFT_VERSION = 5.0;
				TARGETED_DEVICE_FAMILY = "1,2";
				TEST_TARGET_NAME = FE_IOS;
			};
			name = Debug;
		};
		3E7F228B2F17750000FD2849 /* Release */ = {
			isa = XCBuildConfiguration;
			buildSettings = {
				ALWAYS_EMBED_SWIFT_STANDARD_LIBRARIES = YES;
				CODE_SIGN_STYLE = Automatic;
				CURRENT_PROJECT_VERSION = 1;
				GENERATE_INFOPLIST_FILE = YES;
				MARKETING_VERSION = 1.0;
				PRODUCT_BUNDLE_IDENTIFIER = "Agri-Connect.FE-IOSUITests";
				PRODUCT_NAME = "$(TARGET_NAME)";
				SWIFT_EMIT_LOC_STRINGS = NO;
				SWIFT_VERSION = 5.0;
				TARGETED_DEVICE_FAMILY = "1,2";
				TEST_TARGET_NAME = FE_IOS;
			};
			name = Release;
		};
/* End XCBuildConfiguration section */

/* Begin XCConfigurationList section */
		3E7F225A2F1774FA00FD2849 /* Build configuration list for PBXProject "FE_IOS" */ = {
			isa = XCConfigurationList;
			buildConfigurations = (
				3E7F22812F17750000FD2849 /* Debug */,
				3E7F22822F17750000FD2849 /* Release */,
			);
			defaultConfigurationIsVisible = 0;
			defaultConfigurationName = Release;
		};
		3E7F22832F17750000FD2849 /* Build configuration list for PBXNativeTarget "FE_IOS" */ = {
			isa = XCConfigurationList;
			buildConfigurations = (
				3E7F22842F17750000FD2849 /* Debug */,
				3E7F22852F17750000FD2849 /* Release */,
			);
			defaultConfigurationIsVisible = 0;
			defaultConfigurationName = Release;
		};
		3E7F22862F17750000FD2849 /* Build configuration list for PBXNativeTarget "FE_IOSTests" */ = {
			isa = XCConfigurationList;
			buildConfigurations = (
				3E7F22872F17750000FD2849 /* Debug */,
				3E7F22882F17750000FD2849 /* Release */,
			);
			defaultConfigurationIsVisible = 0;
			defaultConfigurationName = Release;
		};
		3E7F22892F17750000FD2849 /* Build configuration list for PBXNativeTarget "FE_IOSUITests" */ = {
			isa = XCConfigurationList;
			buildConfigurations = (
				3E7F228A2F17750000FD2849 /* Debug */,
				3E7F228B2F17750000FD2849 /* Release */,
			);
			defaultConfigurationIsVisible = 0;
			defaultConfigurationName = Release;
		};
/* End XCConfigurationList section */
	};
	rootObject = 3E7F22572F1774FA00FD2849 /* Project object */;
}
